
Microsoft Visual Studio Solution File, Format Version 12.00
# Visual Studio Version 17
VisualStudioVersion = 17.5.33414.496
MinimumVisualStudioVersion = 10.0.40219.1
Project("{FAE04EC0-301F-11D3-BF4B-00C04F79EFBC}") = "Data", "Data\Data.csproj", "{546748DF-7CCF-4851-8284-B69B7EB0D9DC}"
EndProject
Project("{FAE04EC0-301F-11D3-BF4B-00C04F79EFBC}") = "Core", "Core\Core.csproj", "{01418BAB-3878-4298-AEA1-9C5843823423}"
EndProject
Project("{FAE04EC0-301F-11D3-BF4B-00C04F79EFBC}") = "Dtos", "Dtos\Dtos.csproj", "{055ED7E2-F12F-47BF-915F-AF8BE12F4F9B}"
EndProject
Project("{FAE04EC0-301F-11D3-BF4B-00C04F79EFBC}") = "Service", "Service\Service.csproj", "{39E9316A-C44F-4A88-935E-67A88BB117B6}"
EndProject
Project("{FAE04EC0-301F-11D3-BF4B-00C04F79EFBC}") = "API", "API\API.csproj", "{0F970A94-B624-4F85-B079-CA78DF781C66}"
EndProject
Global
	GlobalSection(SolutionConfigurationPlatforms) = preSolution
		Debug|Any CPU = Debug|Any CPU
		Release|Any CPU = Release|Any CPU
	EndGlobalSection
	GlobalSection(ProjectConfigurationPlatforms) = postSolution
		{546748DF-7CCF-4851-8284-B69B7EB0D9DC}.Debug|Any CPU.ActiveCfg = Debug|Any CPU
		{546748DF-7CCF-4851-8284-B69B7EB0D9DC}.Debug|Any CPU.Build.0 = Debug|Any CPU
		{546748DF-7CCF-4851-8284-B69B7EB0D9DC}.Release|Any CPU.ActiveCfg = Release|Any CPU
		{546748DF-7CCF-4851-8284-B69B7EB0D9DC}.Release|Any CPU.Build.0 = Release|Any CPU
		{01418BAB-3878-4298-AEA1-9C5843823423}.Debug|Any CPU.ActiveCfg = Debug|Any CPU
		{01418BAB-3878-4298-AEA1-9C5843823423}.Debug|Any CPU.Build.0 = Debug|Any CPU
		{01418BAB-3878-4298-AEA1-9C5843823423}.Release|Any CPU.ActiveCfg = Release|Any CPU
		{01418BAB-3878-4298-AEA1-9C5843823423}.Release|Any CPU.Build.0 = Release|Any CPU
		{055ED7E2-F12F-47BF-915F-AF8BE12F4F9B}.Debug|Any CPU.ActiveCfg = Debug|Any CPU
		{055ED7E2-F12F-47BF-915F-AF8BE12F4F9B}.Debug|Any CPU.Build.0 = Debug|Any CPU
		{055ED7E2-F12F-47BF-915F-AF8BE12F4F9B}.Release|Any CPU.ActiveCfg = Release|Any CPU
		{055ED7E2-F12F-47BF-915F-AF8BE12F4F9B}.Release|Any CPU.Build.0 = Release|Any CPU
		{39E9316A-C44F-4A88-935E-67A88BB117B6}.Debug|Any CPU.ActiveCfg = Debug|Any CPU
		{39E9316A-C44F-4A88-935E-67A88BB117B6}.Debug|Any CPU.Build.0 = Debug|Any CPU
		{39E9316A-C44F-4A88-935E-67A88BB117B6}.Release|Any CPU.ActiveCfg = Release|Any CPU
		{39E9316A-C44F-4A88-935E-67A88BB117B6}.Release|Any CPU.Build.0 = Release|Any CPU
		{0F970A94-B624-4F85-B079-CA78DF781C66}.Debug|Any CPU.ActiveCfg = Debug|Any CPU
		{0F970A94-B624-4F85-B079-CA78DF781C66}.Debug|Any CPU.Build.0 = Debug|Any CPU
		{0F970A94-B624-4F85-B079-CA78DF781C66}.Release|Any CPU.ActiveCfg = Release|Any CPU
		{0F970A94-B624-4F85-B079-CA78DF781C66}.Release|Any CPU.Build.0 = Release|Any CPU
	EndGlobalSection
	GlobalSection(SolutionProperties) = preSolution
		HideSolutionNode = FALSE
	EndGlobalSection
	GlobalSection(ExtensibilityGlobals) = postSolution
		SolutionGuid = {3E46885E-FDDB-445C-BADE-8CF703A0E646}
	EndGlobalSection
EndGlobal
